
Microsoft Visual Studio Solution File, Format Version 12.00
# Visual Studio Version 17
VisualStudioVersion = 17.4.33020.496
MinimumVisualStudioVersion = 10.0.40219.1
Project("{E24C65DC-7377-472B-9ABA-BC803B73C61A}") = "Bsquarebest2023", ".", "{50EF85B2-F732-4B0C-9CED-7B1FF53713F8}"
	ProjectSection(WebsiteProperties) = preProject
		TargetFrameworkMoniker = ".NETFramework,Version%3Dv4.7.2"
		Debug.AspNetCompiler.VirtualPath = "/localhost_52641"
		Debug.AspNetCompiler.PhysicalPath = "..\Bsquarebest2023\"
		Debug.AspNetCompiler.TargetPath = "PrecompiledWeb\localhost_52641\"
		Debug.AspNetCompiler.Updateable = "true"
		Debug.AspNetCompiler.ForceOverwrite = "true"
		Debug.AspNetCompiler.FixedNames = "false"
		Debug.AspNetCompiler.Debug = "True"
		Release.AspNetCompiler.VirtualPath = "/localhost_52641"
		Release.AspNetCompiler.PhysicalPath = "..\Bsquarebest2023\"
		Release.AspNetCompiler.TargetPath = "PrecompiledWeb\localhost_52641\"
		Release.AspNetCompiler.Updateable = "true"
		Release.AspNetCompiler.ForceOverwrite = "true"
		Release.AspNetCompiler.FixedNames = "false"
		Release.AspNetCompiler.Debug = "False"
		VWDPort = "52641"
		SlnRelativePath = "..\Bsquarebest2023\"
		DefaultWebSiteLanguage = "Visual C#"
	EndProjectSection
EndProject
Global
	GlobalSection(SolutionConfigurationPlatforms) = preSolution
		Debug|Any CPU = Debug|Any CPU
	EndGlobalSection
	GlobalSection(ProjectConfigurationPlatforms) = postSolution
		{50EF85B2-F732-4B0C-9CED-7B1FF53713F8}.Debug|Any CPU.ActiveCfg = Debug|Any CPU
		{50EF85B2-F732-4B0C-9CED-7B1FF53713F8}.Debug|Any CPU.Build.0 = Debug|Any CPU
	EndGlobalSection
	GlobalSection(SolutionProperties) = preSolution
		HideSolutionNode = FALSE
	EndGlobalSection
	GlobalSection(ExtensibilityGlobals) = postSolution
		SolutionGuid = {62635C44-F982-4CDA-AC21-C26D2F7C1CF4}
	EndGlobalSection
EndGlobal
